
Microsoft Visual Studio Solution File, Format Version 12.00
# Visual Studio Version 16
VisualStudioVersion = 16.0.29326.143
MinimumVisualStudioVersion = 10.0.40219.1
Project("{FAE04EC0-301F-11D3-BF4B-00C04F79EFBC}") = "RestApiJwtSecurityWithIdentity", "RestApiJwtSecurityWithIdentity\RestApiJwtSecurityWithIdentity.csproj", "{2E3E26D5-D931-4B77-B84F-CBECF7986471}"
EndProject
Project("{FAE04EC0-301F-11D3-BF4B-00C04F79EFBC}") = "EFDataAccess", "EFDataAccess\EFDataAccess.csproj", "{27D8F802-8A5A-4D48-AB94-9A7CDFDBB250}"
EndProject
Global
	GlobalSection(SolutionConfigurationPlatforms) = preSolution
		Debug|Any CPU = Debug|Any CPU
		Release|Any CPU = Release|Any CPU
	EndGlobalSection
	GlobalSection(ProjectConfigurationPlatforms) = postSolution
		{2E3E26D5-D931-4B77-B84F-CBECF7986471}.Debug|Any CPU.ActiveCfg = Debug|Any CPU
		{2E3E26D5-D931-4B77-B84F-CBECF7986471}.Debug|Any CPU.Build.0 = Debug|Any CPU
		{2E3E26D5-D931-4B77-B84F-CBECF7986471}.Release|Any CPU.ActiveCfg = Release|Any CPU
		{2E3E26D5-D931-4B77-B84F-CBECF7986471}.Release|Any CPU.Build.0 = Release|Any CPU
		{27D8F802-8A5A-4D48-AB94-9A7CDFDBB250}.Debug|Any CPU.ActiveCfg = Debug|Any CPU
		{27D8F802-8A5A-4D48-AB94-9A7CDFDBB250}.Debug|Any CPU.Build.0 = Debug|Any CPU
		{27D8F802-8A5A-4D48-AB94-9A7CDFDBB250}.Release|Any CPU.ActiveCfg = Release|Any CPU
		{27D8F802-8A5A-4D48-AB94-9A7CDFDBB250}.Release|Any CPU.Build.0 = Release|Any CPU
	EndGlobalSection
	GlobalSection(SolutionProperties) = preSolution
		HideSolutionNode = FALSE
	EndGlobalSection
	GlobalSection(ExtensibilityGlobals) = postSolution
		SolutionGuid = {D14E77E7-F34D-414A-A5C5-06917F8C9265}
	EndGlobalSection
EndGlobal
